
Microsoft Visual Studio Solution File, Format Version 12.00
# Visual Studio Version 16
VisualStudioVersion = 16.0.34407.143
MinimumVisualStudioVersion = 10.0.40219.1
Project("{FAE04EC0-301F-11D3-BF4B-00C04F79EFBC}") = "Proyecto1", "Proyecto1\Proyecto1.csproj", "{6344F3FE-B454-42D4-9FA7-B812915BCA99}"
EndProject
Global
	GlobalSection(SolutionConfigurationPlatforms) = preSolution
		Debug|Any CPU = Debug|Any CPU
		Release|Any CPU = Release|Any CPU
	EndGlobalSection
	GlobalSection(ProjectConfigurationPlatforms) = postSolution
		{6344F3FE-B454-42D4-9FA7-B812915BCA99}.Debug|Any CPU.ActiveCfg = Debug|Any CPU
		{6344F3FE-B454-42D4-9FA7-B812915BCA99}.Debug|Any CPU.Build.0 = Debug|Any CPU
		{6344F3FE-B454-42D4-9FA7-B812915BCA99}.Release|Any CPU.ActiveCfg = Release|Any CPU
		{6344F3FE-B454-42D4-9FA7-B812915BCA99}.Release|Any CPU.Build.0 = Release|Any CPU
	EndGlobalSection
	GlobalSection(SolutionProperties) = preSolution
		HideSolutionNode = FALSE
	EndGlobalSection
	GlobalSection(ExtensibilityGlobals) = postSolution
		SolutionGuid = {CAFE9386-D0F0-48F8-97B5-CB1E5B7450DF}
	EndGlobalSection
EndGlobal
